
Microsoft Visual Studio Solution File, Format Version 12.00
# Visual Studio Version 17
VisualStudioVersion = 17.14.36414.22 d17.14
MinimumVisualStudioVersion = 10.0.40219.1
Project("{FAE04EC0-301F-11D3-BF4B-00C04F79EFBC}") = "Timer", "Timer.csproj", "{779E539E-450A-47F8-95A8-BE052D5A3BE9}"
EndProject
Global
	GlobalSection(SolutionConfigurationPlatforms) = preSolution
		Debug|Any CPU = Debug|Any CPU
		Release|Any CPU = Release|Any CPU
	EndGlobalSection
	GlobalSection(ProjectConfigurationPlatforms) = postSolution
		{779E539E-450A-47F8-95A8-BE052D5A3BE9}.Debug|Any CPU.ActiveCfg = Debug|Any CPU
		{779E539E-450A-47F8-95A8-BE052D5A3BE9}.Debug|Any CPU.Build.0 = Debug|Any CPU
		{779E539E-450A-47F8-95A8-BE052D5A3BE9}.Release|Any CPU.ActiveCfg = Release|Any CPU
		{779E539E-450A-47F8-95A8-BE052D5A3BE9}.Release|Any CPU.Build.0 = Release|Any CPU
	EndGlobalSection
	GlobalSection(SolutionProperties) = preSolution
		HideSolutionNode = FALSE
	EndGlobalSection
	GlobalSection(ExtensibilityGlobals) = postSolution
		SolutionGuid = {F580F889-378C-4A97-8827-9A82B7715640}
	EndGlobalSection
EndGlobal
